
Microsoft Visual Studio Solution File, Format Version 12.00
# Visual Studio 15
VisualStudioVersion = 15.0.28307.1062
MinimumVisualStudioVersion = 10.0.40219.1
Project("{9A19103F-16F7-4668-BE54-9A1E7A4F7556}") = "UnitTestRecordLibrary", "UnitTestRecordLibrary\UnitTestRecordLibrary.csproj", "{C9A4BB4B-8D5C-45DA-A343-BAA34972711D}"
EndProject
Project("{FAE04EC0-301F-11D3-BF4B-00C04F79EFBC}") = "RESTDRRecords", "RESTDRRecords\RESTDRRecords.csproj", "{21DFEBFC-A6CB-4C03-B5AC-88E19C967CF3}"
EndProject
Global
	GlobalSection(SolutionConfigurationPlatforms) = preSolution
		Debug|Any CPU = Debug|Any CPU
		Release|Any CPU = Release|Any CPU
	EndGlobalSection
	GlobalSection(ProjectConfigurationPlatforms) = postSolution
		{C9A4BB4B-8D5C-45DA-A343-BAA34972711D}.Debug|Any CPU.ActiveCfg = Debug|Any CPU
		{C9A4BB4B-8D5C-45DA-A343-BAA34972711D}.Debug|Any CPU.Build.0 = Debug|Any CPU
		{C9A4BB4B-8D5C-45DA-A343-BAA34972711D}.Release|Any CPU.ActiveCfg = Release|Any CPU
		{C9A4BB4B-8D5C-45DA-A343-BAA34972711D}.Release|Any CPU.Build.0 = Release|Any CPU
		{21DFEBFC-A6CB-4C03-B5AC-88E19C967CF3}.Debug|Any CPU.ActiveCfg = Debug|Any CPU
		{21DFEBFC-A6CB-4C03-B5AC-88E19C967CF3}.Debug|Any CPU.Build.0 = Debug|Any CPU
		{21DFEBFC-A6CB-4C03-B5AC-88E19C967CF3}.Release|Any CPU.ActiveCfg = Release|Any CPU
		{21DFEBFC-A6CB-4C03-B5AC-88E19C967CF3}.Release|Any CPU.Build.0 = Release|Any CPU
	EndGlobalSection
	GlobalSection(SolutionProperties) = preSolution
		HideSolutionNode = FALSE
	EndGlobalSection
	GlobalSection(ExtensibilityGlobals) = postSolution
		SolutionGuid = {1C6A7DB4-E26A-40C7-BBEB-FB0B49E704BA}
	EndGlobalSection
EndGlobal
